// !$*UTF8*$!
{
	archiveVersion = 1;
	classes = {
	};
	objectVersion = 56;
	objects = {

/* Begin PBXBuildFile section */
		39717997297354A6004D09F8 /* Coordinator.swift in Sources */ = {isa = PBXBuildFile; fileRef = 39717996297354A6004D09F8 /* Coordinator.swift */; };
		3971799A2973551C004D09F8 /* LoginCoordinator.swift in Sources */ = {isa = PBXBuildFile; fileRef = 397179992973551C004D09F8 /* LoginCoordinator.swift */; };
		397179A32973570D004D09F8 /* LoginViewModel.swift in Sources */ = {isa = PBXBuildFile; fileRef = 397179A22973570D004D09F8 /* LoginViewModel.swift */; };
		397179A629735D5C004D09F8 /* LoginView.swift in Sources */ = {isa = PBXBuildFile; fileRef = 397179A529735D5C004D09F8 /* LoginView.swift */; };
		397179A92973777A004D09F8 /* BusinessViewController.swift in Sources */ = {isa = PBXBuildFile; fileRef = 397179A82973777A004D09F8 /* BusinessViewController.swift */; };
		397179AD2973779B004D09F8 /* BusinessViewModel.swift in Sources */ = {isa = PBXBuildFile; fileRef = 397179AC2973779B004D09F8 /* BusinessViewModel.swift */; };
		397179B129737807004D09F8 /* BusinessCoordinator.swift in Sources */ = {isa = PBXBuildFile; fileRef = 397179B029737807004D09F8 /* BusinessCoordinator.swift */; };
		397179B62973FC00004D09F8 /* CustomerViewController.swift in Sources */ = {isa = PBXBuildFile; fileRef = 397179B52973FC00004D09F8 /* CustomerViewController.swift */; };
		397179B82973FC0F004D09F8 /* CustomerViewModel.swift in Sources */ = {isa = PBXBuildFile; fileRef = 397179B72973FC0F004D09F8 /* CustomerViewModel.swift */; };
		397179BC2973FC62004D09F8 /* CustomerCoordinator.swift in Sources */ = {isa = PBXBuildFile; fileRef = 397179BB2973FC62004D09F8 /* CustomerCoordinator.swift */; };
		397179BF2973FD0C004D09F8 /* UserType.swift in Sources */ = {isa = PBXBuildFile; fileRef = 397179BE2973FD0C004D09F8 /* UserType.swift */; };
		397179CA2973FFC9004D09F8 /* GreenButton.swift in Sources */ = {isa = PBXBuildFile; fileRef = 397179C92973FFC9004D09F8 /* GreenButton.swift */; };
		397179CC297403FE004D09F8 /* RoundedTextField.swift in Sources */ = {isa = PBXBuildFile; fileRef = 397179CB297403FE004D09F8 /* RoundedTextField.swift */; };
		397179D329740649004D09F8 /* MainViewController.swift in Sources */ = {isa = PBXBuildFile; fileRef = 397179D229740649004D09F8 /* MainViewController.swift */; };
		397179D529740655004D09F8 /* MainViewModel.swift in Sources */ = {isa = PBXBuildFile; fileRef = 397179D429740655004D09F8 /* MainViewModel.swift */; };
		397179D729740660004D09F8 /* MainCoordinator.swift in Sources */ = {isa = PBXBuildFile; fileRef = 397179D629740660004D09F8 /* MainCoordinator.swift */; };
		397179DB297406E5004D09F8 /* GrayButton.swift in Sources */ = {isa = PBXBuildFile; fileRef = 397179DA297406E5004D09F8 /* GrayButton.swift */; };
		397179DF29741D02004D09F8 /* TestBusinessViewController.swift in Sources */ = {isa = PBXBuildFile; fileRef = 397179DE29741D02004D09F8 /* TestBusinessViewController.swift */; };
		397179E329741D85004D09F8 /* TestBusinessViewModel.swift in Sources */ = {isa = PBXBuildFile; fileRef = 397179E229741D85004D09F8 /* TestBusinessViewModel.swift */; };
		39A96EF4298CE9D200525E2B /* ModuleDependencies.swift in Sources */ = {isa = PBXBuildFile; fileRef = 39A96EF3298CE9D200525E2B /* ModuleDependencies.swift */; };
		39A96EF7298CEA3E00525E2B /* MainDependenciesResolver.swift in Sources */ = {isa = PBXBuildFile; fileRef = 39A96EF6298CEA3E00525E2B /* MainDependenciesResolver.swift */; };
		39A96EF9298CF15600525E2B /* CustomerDependenciesResolver.swift in Sources */ = {isa = PBXBuildFile; fileRef = 39A96EF8298CF15600525E2B /* CustomerDependenciesResolver.swift */; };
		39A96EFB298CF16E00525E2B /* CommonDependenciesResolver.swift in Sources */ = {isa = PBXBuildFile; fileRef = 39A96EFA298CF16E00525E2B /* CommonDependenciesResolver.swift */; };
		39A96EFF298CF2B700525E2B /* LoginDependenciesResolver.swift in Sources */ = {isa = PBXBuildFile; fileRef = 39A96EFE298CF2B700525E2B /* LoginDependenciesResolver.swift */; };
		39A96F02298CF4C000525E2B /* BusinessDependenciesResolver.swift in Sources */ = {isa = PBXBuildFile; fileRef = 39A96F01298CF4C000525E2B /* BusinessDependenciesResolver.swift */; };
		39A96F05298CF7B800525E2B /* LoginUseCase.swift in Sources */ = {isa = PBXBuildFile; fileRef = 39A96F04298CF7B800525E2B /* LoginUseCase.swift */; };
		39F71D90294F2C0800F00C21 /* AppDelegate.swift in Sources */ = {isa = PBXBuildFile; fileRef = 39F71D8F294F2C0800F00C21 /* AppDelegate.swift */; };
		39F71D92294F2C0800F00C21 /* SceneDelegate.swift in Sources */ = {isa = PBXBuildFile; fileRef = 39F71D91294F2C0800F00C21 /* SceneDelegate.swift */; };
		39F71D94294F2C0800F00C21 /* LoginViewController.swift in Sources */ = {isa = PBXBuildFile; fileRef = 39F71D93294F2C0800F00C21 /* LoginViewController.swift */; };
		39F71D99294F2C0A00F00C21 /* Assets.xcassets in Resources */ = {isa = PBXBuildFile; fileRef = 39F71D98294F2C0A00F00C21 /* Assets.xcassets */; };
		39F71D9C294F2C0A00F00C21 /* LaunchScreen.storyboard in Resources */ = {isa = PBXBuildFile; fileRef = 39F71D9A294F2C0A00F00C21 /* LaunchScreen.storyboard */; };
		39F71DA4294F2D3000F00C21 /* NetworkError.swift in Sources */ = {isa = PBXBuildFile; fileRef = 39F71DA3294F2D3000F00C21 /* NetworkError.swift */; };
		39F71DA7294F2E7100F00C21 /* APIRequest.swift in Sources */ = {isa = PBXBuildFile; fileRef = 39F71DA6294F2E7100F00C21 /* APIRequest.swift */; };
		39F71DA9294F309400F00C21 /* NetworkRequest.swift in Sources */ = {isa = PBXBuildFile; fileRef = 39F71DA8294F309400F00C21 /* NetworkRequest.swift */; };
		39F71DAB294F312700F00C21 /* Constants.swift in Sources */ = {isa = PBXBuildFile; fileRef = 39F71DAA294F312700F00C21 /* Constants.swift */; };
		39F71DAD294F336F00F00C21 /* Requester.swift in Sources */ = {isa = PBXBuildFile; fileRef = 39F71DAC294F336F00F00C21 /* Requester.swift */; };
		39F71DB4294F362800F00C21 /* LoginRepositoryProtocol.swift in Sources */ = {isa = PBXBuildFile; fileRef = 39F71DB3294F362800F00C21 /* LoginRepositoryProtocol.swift */; };
		39F71DB6294F369D00F00C21 /* LoginRepository.swift in Sources */ = {isa = PBXBuildFile; fileRef = 39F71DB5294F369D00F00C21 /* LoginRepository.swift */; };
		39F71DB8294F370200F00C21 /* LoginRequest.swift in Sources */ = {isa = PBXBuildFile; fileRef = 39F71DB7294F370200F00C21 /* LoginRequest.swift */; };
		39F71DC0294F69B200F00C21 /* UIView+Ext.swift in Sources */ = {isa = PBXBuildFile; fileRef = 39F71DBF294F69B200F00C21 /* UIView+Ext.swift */; };
/* End PBXBuildFile section */

/* Begin PBXFileReference section */
		39717996297354A6004D09F8 /* Coordinator.swift */ = {isa = PBXFileReference; lastKnownFileType = sourcecode.swift; path = Coordinator.swift; sourceTree = "<group>"; };
		397179992973551C004D09F8 /* LoginCoordinator.swift */ = {isa = PBXFileReference; lastKnownFileType = sourcecode.swift; path = LoginCoordinator.swift; sourceTree = "<group>"; };
		397179A22973570D004D09F8 /* LoginViewModel.swift */ = {isa = PBXFileReference; lastKnownFileType = sourcecode.swift; path = LoginViewModel.swift; sourceTree = "<group>"; };
		397179A529735D5C004D09F8 /* LoginView.swift */ = {isa = PBXFileReference; lastKnownFileType = sourcecode.swift; path = LoginView.swift; sourceTree = "<group>"; };
		397179A82973777A004D09F8 /* BusinessViewController.swift */ = {isa = PBXFileReference; lastKnownFileType = sourcecode.swift; path = BusinessViewController.swift; sourceTree = "<group>"; };
		397179AC2973779B004D09F8 /* BusinessViewModel.swift */ = {isa = PBXFileReference; lastKnownFileType = sourcecode.swift; path = BusinessViewModel.swift; sourceTree = "<group>"; };
		397179B029737807004D09F8 /* BusinessCoordinator.swift */ = {isa = PBXFileReference; lastKnownFileType = sourcecode.swift; path = BusinessCoordinator.swift; sourceTree = "<group>"; };
		397179B52973FC00004D09F8 /* CustomerViewController.swift */ = {isa = PBXFileReference; lastKnownFileType = sourcecode.swift; path = CustomerViewController.swift; sourceTree = "<group>"; };
		397179B72973FC0F004D09F8 /* CustomerViewModel.swift */ = {isa = PBXFileReference; lastKnownFileType = sourcecode.swift; path = CustomerViewModel.swift; sourceTree = "<group>"; };
		397179BB2973FC62004D09F8 /* CustomerCoordinator.swift */ = {isa = PBXFileReference; lastKnownFileType = sourcecode.swift; path = CustomerCoordinator.swift; sourceTree = "<group>"; };
		397179BE2973FD0C004D09F8 /* UserType.swift */ = {isa = PBXFileReference; lastKnownFileType = sourcecode.swift; path = UserType.swift; sourceTree = "<group>"; };
		397179C92973FFC9004D09F8 /* GreenButton.swift */ = {isa = PBXFileReference; lastKnownFileType = sourcecode.swift; path = GreenButton.swift; sourceTree = "<group>"; };
		397179CB297403FE004D09F8 /* RoundedTextField.swift */ = {isa = PBXFileReference; lastKnownFileType = sourcecode.swift; path = RoundedTextField.swift; sourceTree = "<group>"; };
		397179D229740649004D09F8 /* MainViewController.swift */ = {isa = PBXFileReference; lastKnownFileType = sourcecode.swift; path = MainViewController.swift; sourceTree = "<group>"; };
		397179D429740655004D09F8 /* MainViewModel.swift */ = {isa = PBXFileReference; lastKnownFileType = sourcecode.swift; path = MainViewModel.swift; sourceTree = "<group>"; };
		397179D629740660004D09F8 /* MainCoordinator.swift */ = {isa = PBXFileReference; lastKnownFileType = sourcecode.swift; path = MainCoordinator.swift; sourceTree = "<group>"; };
		397179DA297406E5004D09F8 /* GrayButton.swift */ = {isa = PBXFileReference; lastKnownFileType = sourcecode.swift; path = GrayButton.swift; sourceTree = "<group>"; };
		397179DE29741D02004D09F8 /* TestBusinessViewController.swift */ = {isa = PBXFileReference; lastKnownFileType = sourcecode.swift; path = TestBusinessViewController.swift; sourceTree = "<group>"; };
		397179E229741D85004D09F8 /* TestBusinessViewModel.swift */ = {isa = PBXFileReference; lastKnownFileType = sourcecode.swift; path = TestBusinessViewModel.swift; sourceTree = "<group>"; };
		39A96EF3298CE9D200525E2B /* ModuleDependencies.swift */ = {isa = PBXFileReference; lastKnownFileType = sourcecode.swift; path = ModuleDependencies.swift; sourceTree = "<group>"; };
		39A96EF6298CEA3E00525E2B /* MainDependenciesResolver.swift */ = {isa = PBXFileReference; lastKnownFileType = sourcecode.swift; path = MainDependenciesResolver.swift; sourceTree = "<group>"; };
		39A96EF8298CF15600525E2B /* CustomerDependenciesResolver.swift */ = {isa = PBXFileReference; lastKnownFileType = sourcecode.swift; path = CustomerDependenciesResolver.swift; sourceTree = "<group>"; };
		39A96EFA298CF16E00525E2B /* CommonDependenciesResolver.swift */ = {isa = PBXFileReference; lastKnownFileType = sourcecode.swift; path = CommonDependenciesResolver.swift; sourceTree = "<group>"; };
		39A96EFE298CF2B700525E2B /* LoginDependenciesResolver.swift */ = {isa = PBXFileReference; lastKnownFileType = sourcecode.swift; path = LoginDependenciesResolver.swift; sourceTree = "<group>"; };
		39A96F01298CF4C000525E2B /* BusinessDependenciesResolver.swift */ = {isa = PBXFileReference; lastKnownFileType = sourcecode.swift; path = BusinessDependenciesResolver.swift; sourceTree = "<group>"; };
		39A96F04298CF7B800525E2B /* LoginUseCase.swift */ = {isa = PBXFileReference; lastKnownFileType = sourcecode.swift; path = LoginUseCase.swift; sourceTree = "<group>"; };
		39F71D8C294F2C0800F00C21 /* SurpriseBag.app */ = {isa = PBXFileReference; explicitFileType = wrapper.application; includeInIndex = 0; path = SurpriseBag.app; sourceTree = BUILT_PRODUCTS_DIR; };
		39F71D8F294F2C0800F00C21 /* AppDelegate.swift */ = {isa = PBXFileReference; lastKnownFileType = sourcecode.swift; path = AppDelegate.swift; sourceTree = "<group>"; };
		39F71D91294F2C0800F00C21 /* SceneDelegate.swift */ = {isa = PBXFileReference; lastKnownFileType = sourcecode.swift; path = SceneDelegate.swift; sourceTree = "<group>"; };
		39F71D93294F2C0800F00C21 /* LoginViewController.swift */ = {isa = PBXFileReference; lastKnownFileType = sourcecode.swift; path = LoginViewController.swift; sourceTree = "<group>"; };
		39F71D98294F2C0A00F00C21 /* Assets.xcassets */ = {isa = PBXFileReference; lastKnownFileType = folder.assetcatalog; path = Assets.xcassets; sourceTree = "<group>"; };
		39F71D9B294F2C0A00F00C21 /* Base */ = {isa = PBXFileReference; lastKnownFileType = file.storyboard; name = Base; path = Base.lproj/LaunchScreen.storyboard; sourceTree = "<group>"; };
		39F71D9D294F2C0A00F00C21 /* Info.plist */ = {isa = PBXFileReference; lastKnownFileType = text.plist.xml; path = Info.plist; sourceTree = "<group>"; };
		39F71DA3294F2D3000F00C21 /* NetworkError.swift */ = {isa = PBXFileReference; lastKnownFileType = sourcecode.swift; path = NetworkError.swift; sourceTree = "<group>"; };
		39F71DA6294F2E7100F00C21 /* APIRequest.swift */ = {isa = PBXFileReference; lastKnownFileType = sourcecode.swift; path = APIRequest.swift; sourceTree = "<group>"; };
		39F71DA8294F309400F00C21 /* NetworkRequest.swift */ = {isa = PBXFileReference; lastKnownFileType = sourcecode.swift; path = NetworkRequest.swift; sourceTree = "<group>"; };
		39F71DAA294F312700F00C21 /* Constants.swift */ = {isa = PBXFileReference; lastKnownFileType = sourcecode.swift; path = Constants.swift; sourceTree = "<group>"; };
		39F71DAC294F336F00F00C21 /* Requester.swift */ = {isa = PBXFileReference; lastKnownFileType = sourcecode.swift; path = Requester.swift; sourceTree = "<group>"; };
		39F71DB3294F362800F00C21 /* LoginRepositoryProtocol.swift */ = {isa = PBXFileReference; lastKnownFileType = sourcecode.swift; path = LoginRepositoryProtocol.swift; sourceTree = "<group>"; };
		39F71DB5294F369D00F00C21 /* LoginRepository.swift */ = {isa = PBXFileReference; lastKnownFileType = sourcecode.swift; path = LoginRepository.swift; sourceTree = "<group>"; };
		39F71DB7294F370200F00C21 /* LoginRequest.swift */ = {isa = PBXFileReference; lastKnownFileType = sourcecode.swift; path = LoginRequest.swift; sourceTree = "<group>"; };
		39F71DBF294F69B200F00C21 /* UIView+Ext.swift */ = {isa = PBXFileReference; lastKnownFileType = sourcecode.swift; path = "UIView+Ext.swift"; sourceTree = "<group>"; };
/* End PBXFileReference section */

/* Begin PBXFrameworksBuildPhase section */
		39F71D89294F2C0800F00C21 /* Frameworks */ = {
			isa = PBXFrameworksBuildPhase;
			buildActionMask = 2147483647;
			files = (
			);
			runOnlyForDeploymentPostprocessing = 0;
		};
/* End PBXFrameworksBuildPhase section */

/* Begin PBXGroup section */
		3971798B297352A3004D09F8 /* Extensions */ = {
			isa = PBXGroup;
			children = (
				39F71DBF294F69B200F00C21 /* UIView+Ext.swift */,
			);
			path = Extensions;
			sourceTree = "<group>";
		};
		3971798C297352B3004D09F8 /* System */ = {
			isa = PBXGroup;
			children = (
				39F71D8F294F2C0800F00C21 /* AppDelegate.swift */,
				39F71D91294F2C0800F00C21 /* SceneDelegate.swift */,
				39A96EF3298CE9D200525E2B /* ModuleDependencies.swift */,
			);
			path = System;
			sourceTree = "<group>";
		};
		3971798D297352E4004D09F8 /* Modules */ = {
			isa = PBXGroup;
			children = (
				397179CD297405FF004D09F8 /* Main */,
				397179B22973FBC1004D09F8 /* Customer */,
				397179A72973772D004D09F8 /* Business */,
				3971798F29735307004D09F8 /* Login */,
			);
			path = Modules;
			sourceTree = "<group>";
		};
		3971798F29735307004D09F8 /* Login */ = {
			isa = PBXGroup;
			children = (
				39A96EFD298CF29D00525E2B /* Dependencies */,
				39A96F03298CF7AB00525E2B /* UseCase */,
				397179C42973FDA5004D09F8 /* Coordinator */,
				397179A1297356FB004D09F8 /* ViewModel */,
				397179902973530F004D09F8 /* View */,
			);
			path = Login;
			sourceTree = "<group>";
		};
		397179902973530F004D09F8 /* View */ = {
			isa = PBXGroup;
			children = (
				397179A429735D30004D09F8 /* ViewComponents */,
				39F71D93294F2C0800F00C21 /* LoginViewController.swift */,
			);
			path = View;
			sourceTree = "<group>";
		};
		397179922973543B004D09F8 /* Common */ = {
			isa = PBXGroup;
			children = (
				397179C82973FFAB004D09F8 /* Components */,
				3971798B297352A3004D09F8 /* Extensions */,
				39717996297354A6004D09F8 /* Coordinator.swift */,
				397179BE2973FD0C004D09F8 /* UserType.swift */,
				39A96EFA298CF16E00525E2B /* CommonDependenciesResolver.swift */,
			);
			path = Common;
			sourceTree = "<group>";
		};
		397179A1297356FB004D09F8 /* ViewModel */ = {
			isa = PBXGroup;
			children = (
				397179A22973570D004D09F8 /* LoginViewModel.swift */,
			);
			path = ViewModel;
			sourceTree = "<group>";
		};
		397179A429735D30004D09F8 /* ViewComponents */ = {
			isa = PBXGroup;
			children = (
				397179A529735D5C004D09F8 /* LoginView.swift */,
			);
			path = ViewComponents;
			sourceTree = "<group>";
		};
		397179A72973772D004D09F8 /* Business */ = {
			isa = PBXGroup;
			children = (
				39A96F00298CF4A100525E2B /* Dependencies */,
				397179C22973FD8E004D09F8 /* Coordinator */,
				397179DD29741CE5004D09F8 /* Test */,
				397179DC29741CD9004D09F8 /* Main */,
			);
			path = Business;
			sourceTree = "<group>";
		};
		397179AA2973777F004D09F8 /* View */ = {
			isa = PBXGroup;
			children = (
				397179A82973777A004D09F8 /* BusinessViewController.swift */,
			);
			path = View;
			sourceTree = "<group>";
		};
		397179AB29737787004D09F8 /* ViewModel */ = {
			isa = PBXGroup;
			children = (
				397179AC2973779B004D09F8 /* BusinessViewModel.swift */,
			);
			path = ViewModel;
			sourceTree = "<group>";
		};
		397179B22973FBC1004D09F8 /* Customer */ = {
			isa = PBXGroup;
			children = (
				39A96EFC298CF1A000525E2B /* DependenciesResolver */,
				397179C02973FD6E004D09F8 /* Coordinator */,
				397179B42973FBE7004D09F8 /* ViewModel */,
				397179B32973FBE0004D09F8 /* View */,
			);
			path = Customer;
			sourceTree = "<group>";
		};
		397179B32973FBE0004D09F8 /* View */ = {
			isa = PBXGroup;
			children = (
				397179B52973FC00004D09F8 /* CustomerViewController.swift */,
			);
			path = View;
			sourceTree = "<group>";
		};
		397179B42973FBE7004D09F8 /* ViewModel */ = {
			isa = PBXGroup;
			children = (
				397179B72973FC0F004D09F8 /* CustomerViewModel.swift */,
			);
			path = ViewModel;
			sourceTree = "<group>";
		};
		397179C02973FD6E004D09F8 /* Coordinator */ = {
			isa = PBXGroup;
			children = (
				397179BB2973FC62004D09F8 /* CustomerCoordinator.swift */,
			);
			path = Coordinator;
			sourceTree = "<group>";
		};
		397179C22973FD8E004D09F8 /* Coordinator */ = {
			isa = PBXGroup;
			children = (
				397179B029737807004D09F8 /* BusinessCoordinator.swift */,
			);
			path = Coordinator;
			sourceTree = "<group>";
		};
		397179C42973FDA5004D09F8 /* Coordinator */ = {
			isa = PBXGroup;
			children = (
				397179992973551C004D09F8 /* LoginCoordinator.swift */,
			);
			path = Coordinator;
			sourceTree = "<group>";
		};
		397179C82973FFAB004D09F8 /* Components */ = {
			isa = PBXGroup;
			children = (
				397179C92973FFC9004D09F8 /* GreenButton.swift */,
				397179CB297403FE004D09F8 /* RoundedTextField.swift */,
				397179DA297406E5004D09F8 /* GrayButton.swift */,
			);
			path = Components;
			sourceTree = "<group>";
		};
		397179CD297405FF004D09F8 /* Main */ = {
			isa = PBXGroup;
			children = (
				39A96EF5298CEA2C00525E2B /* Dependencies */,
				397179CF2974060F004D09F8 /* Coordinator */,
				397179D02974061A004D09F8 /* ViewModel */,
				397179D12974062A004D09F8 /* View */,
			);
			path = Main;
			sourceTree = "<group>";
		};
		397179CF2974060F004D09F8 /* Coordinator */ = {
			isa = PBXGroup;
			children = (
				397179D629740660004D09F8 /* MainCoordinator.swift */,
			);
			path = Coordinator;
			sourceTree = "<group>";
		};
		397179D02974061A004D09F8 /* ViewModel */ = {
			isa = PBXGroup;
			children = (
				397179D429740655004D09F8 /* MainViewModel.swift */,
			);
			path = ViewModel;
			sourceTree = "<group>";
		};
		397179D12974062A004D09F8 /* View */ = {
			isa = PBXGroup;
			children = (
				397179D229740649004D09F8 /* MainViewController.swift */,
			);
			path = View;
			sourceTree = "<group>";
		};
		397179DC29741CD9004D09F8 /* Main */ = {
			isa = PBXGroup;
			children = (
				397179AB29737787004D09F8 /* ViewModel */,
				397179AA2973777F004D09F8 /* View */,
			);
			path = Main;
			sourceTree = "<group>";
		};
		397179DD29741CE5004D09F8 /* Test */ = {
			isa = PBXGroup;
			children = (
				397179E52974296D004D09F8 /* ViewModel */,
				397179E429742963004D09F8 /* View */,
			);
			path = Test;
			sourceTree = "<group>";
		};
		397179E429742963004D09F8 /* View */ = {
			isa = PBXGroup;
			children = (
				397179DE29741D02004D09F8 /* TestBusinessViewController.swift */,
			);
			path = View;
			sourceTree = "<group>";
		};
		397179E52974296D004D09F8 /* ViewModel */ = {
			isa = PBXGroup;
			children = (
				397179E229741D85004D09F8 /* TestBusinessViewModel.swift */,
			);
			path = ViewModel;
			sourceTree = "<group>";
		};
		39A96EF5298CEA2C00525E2B /* Dependencies */ = {
			isa = PBXGroup;
			children = (
				39A96EF6298CEA3E00525E2B /* MainDependenciesResolver.swift */,
			);
			path = Dependencies;
			sourceTree = "<group>";
		};
		39A96EFC298CF1A000525E2B /* DependenciesResolver */ = {
			isa = PBXGroup;
			children = (
				39A96EF8298CF15600525E2B /* CustomerDependenciesResolver.swift */,
			);
			path = DependenciesResolver;
			sourceTree = "<group>";
		};
		39A96EFD298CF29D00525E2B /* Dependencies */ = {
			isa = PBXGroup;
			children = (
				39A96EFE298CF2B700525E2B /* LoginDependenciesResolver.swift */,
			);
			path = Dependencies;
			sourceTree = "<group>";
		};
		39A96F00298CF4A100525E2B /* Dependencies */ = {
			isa = PBXGroup;
			children = (
				39A96F01298CF4C000525E2B /* BusinessDependenciesResolver.swift */,
			);
			path = Dependencies;
			sourceTree = "<group>";
		};
		39A96F03298CF7AB00525E2B /* UseCase */ = {
			isa = PBXGroup;
			children = (
				39A96F04298CF7B800525E2B /* LoginUseCase.swift */,
			);
			path = UseCase;
			sourceTree = "<group>";
		};
		39A96F06298CF92900525E2B /* Data */ = {
			isa = PBXGroup;
			children = (
				39F71DB1294F35D800F00C21 /* Repositories */,
				39F71DA5294F2DFB00F00C21 /* API */,
			);
			path = Data;
			sourceTree = "<group>";
		};
		39F71D83294F2C0800F00C21 = {
			isa = PBXGroup;
			children = (
				39F71D8E294F2C0800F00C21 /* SurpriseBag */,
				39F71D8D294F2C0800F00C21 /* Products */,
			);
			sourceTree = "<group>";
		};
		39F71D8D294F2C0800F00C21 /* Products */ = {
			isa = PBXGroup;
			children = (
				39F71D8C294F2C0800F00C21 /* SurpriseBag.app */,
			);
			name = Products;
			sourceTree = "<group>";
		};
		39F71D8E294F2C0800F00C21 /* SurpriseBag */ = {
			isa = PBXGroup;
			children = (
				3971798C297352B3004D09F8 /* System */,
				397179922973543B004D09F8 /* Common */,
				39A96F06298CF92900525E2B /* Data */,
				3971798D297352E4004D09F8 /* Modules */,
				39F71D98294F2C0A00F00C21 /* Assets.xcassets */,
				39F71D9A294F2C0A00F00C21 /* LaunchScreen.storyboard */,
				39F71D9D294F2C0A00F00C21 /* Info.plist */,
			);
			path = SurpriseBag;
			sourceTree = "<group>";
		};
		39F71DA5294F2DFB00F00C21 /* API */ = {
			isa = PBXGroup;
			children = (
				39F71DA3294F2D3000F00C21 /* NetworkError.swift */,
				39F71DA6294F2E7100F00C21 /* APIRequest.swift */,
				39F71DA8294F309400F00C21 /* NetworkRequest.swift */,
				39F71DAA294F312700F00C21 /* Constants.swift */,
				39F71DAC294F336F00F00C21 /* Requester.swift */,
			);
			path = API;
			sourceTree = "<group>";
		};
		39F71DB1294F35D800F00C21 /* Repositories */ = {
			isa = PBXGroup;
			children = (
				39F71DB2294F35E400F00C21 /* Login */,
			);
			path = Repositories;
			sourceTree = "<group>";
		};
		39F71DB2294F35E400F00C21 /* Login */ = {
			isa = PBXGroup;
			children = (
				39F71DB3294F362800F00C21 /* LoginRepositoryProtocol.swift */,
				39F71DB5294F369D00F00C21 /* LoginRepository.swift */,
				39F71DB7294F370200F00C21 /* LoginRequest.swift */,
			);
			path = Login;
			sourceTree = "<group>";
		};
/* End PBXGroup section */

/* Begin PBXNativeTarget section */
		39F71D8B294F2C0800F00C21 /* SurpriseBag */ = {
			isa = PBXNativeTarget;
			buildConfigurationList = 39F71DA0294F2C0A00F00C21 /* Build configuration list for PBXNativeTarget "SurpriseBag" */;
			buildPhases = (
				39F71D88294F2C0800F00C21 /* Sources */,
				39F71D89294F2C0800F00C21 /* Frameworks */,
				39F71D8A294F2C0800F00C21 /* Resources */,
			);
			buildRules = (
			);
			dependencies = (
			);
			name = SurpriseBag;
			productName = APIRequestTest;
			productReference = 39F71D8C294F2C0800F00C21 /* SurpriseBag.app */;
			productType = "com.apple.product-type.application";
		};
/* End PBXNativeTarget section */

/* Begin PBXProject section */
		39F71D84294F2C0800F00C21 /* Project object */ = {
			isa = PBXProject;
			attributes = {
				BuildIndependentTargetsInParallel = 1;
				LastSwiftUpdateCheck = 1400;
				LastUpgradeCheck = 1400;
				TargetAttributes = {
					39F71D8B294F2C0800F00C21 = {
						CreatedOnToolsVersion = 14.0.1;
					};
				};
			};
			buildConfigurationList = 39F71D87294F2C0800F00C21 /* Build configuration list for PBXProject "SurpriseBag" */;
			compatibilityVersion = "Xcode 14.0";
			developmentRegion = en;
			hasScannedForEncodings = 0;
			knownRegions = (
				en,
				Base,
			);
			mainGroup = 39F71D83294F2C0800F00C21;
			productRefGroup = 39F71D8D294F2C0800F00C21 /* Products */;
			projectDirPath = "";
			projectRoot = "";
			targets = (
				39F71D8B294F2C0800F00C21 /* SurpriseBag */,
			);
		};
/* End PBXProject section */

/* Begin PBXResourcesBuildPhase section */
		39F71D8A294F2C0800F00C21 /* Resources */ = {
			isa = PBXResourcesBuildPhase;
			buildActionMask = 2147483647;
			files = (
				39F71D9C294F2C0A00F00C21 /* LaunchScreen.storyboard in Resources */,
				39F71D99294F2C0A00F00C21 /* Assets.xcassets in Resources */,
			);
			runOnlyForDeploymentPostprocessing = 0;
		};
/* End PBXResourcesBuildPhase section */

/* Begin PBXSourcesBuildPhase section */
		39F71D88294F2C0800F00C21 /* Sources */ = {
			isa = PBXSourcesBuildPhase;
			buildActionMask = 2147483647;
			files = (
				397179DF29741D02004D09F8 /* TestBusinessViewController.swift in Sources */,
				397179B129737807004D09F8 /* BusinessCoordinator.swift in Sources */,
				39A96EF4298CE9D200525E2B /* ModuleDependencies.swift in Sources */,
				397179A92973777A004D09F8 /* BusinessViewController.swift in Sources */,
				39F71DC0294F69B200F00C21 /* UIView+Ext.swift in Sources */,
				397179E329741D85004D09F8 /* TestBusinessViewModel.swift in Sources */,
				39A96F02298CF4C000525E2B /* BusinessDependenciesResolver.swift in Sources */,
				39F71D94294F2C0800F00C21 /* LoginViewController.swift in Sources */,
				39F71DB8294F370200F00C21 /* LoginRequest.swift in Sources */,
				39F71DA4294F2D3000F00C21 /* NetworkError.swift in Sources */,
				39F71DB6294F369D00F00C21 /* LoginRepository.swift in Sources */,
				39F71DAD294F336F00F00C21 /* Requester.swift in Sources */,
				397179B82973FC0F004D09F8 /* CustomerViewModel.swift in Sources */,
				397179D329740649004D09F8 /* MainViewController.swift in Sources */,
				39717997297354A6004D09F8 /* Coordinator.swift in Sources */,
				39F71D90294F2C0800F00C21 /* AppDelegate.swift in Sources */,
				39A96EF7298CEA3E00525E2B /* MainDependenciesResolver.swift in Sources */,
				39A96EFB298CF16E00525E2B /* CommonDependenciesResolver.swift in Sources */,
				397179BC2973FC62004D09F8 /* CustomerCoordinator.swift in Sources */,
				397179DB297406E5004D09F8 /* GrayButton.swift in Sources */,
				39F71DA7294F2E7100F00C21 /* APIRequest.swift in Sources */,
				397179CC297403FE004D09F8 /* RoundedTextField.swift in Sources */,
				397179A32973570D004D09F8 /* LoginViewModel.swift in Sources */,
				39F71DB4294F362800F00C21 /* LoginRepositoryProtocol.swift in Sources */,
				397179A629735D5C004D09F8 /* LoginView.swift in Sources */,
				397179AD2973779B004D09F8 /* BusinessViewModel.swift in Sources */,
				397179B62973FC00004D09F8 /* CustomerViewController.swift in Sources */,
				39A96EF9298CF15600525E2B /* CustomerDependenciesResolver.swift in Sources */,
				397179CA2973FFC9004D09F8 /* GreenButton.swift in Sources */,
				39A96F05298CF7B800525E2B /* LoginUseCase.swift in Sources */,
				39F71DAB294F312700F00C21 /* Constants.swift in Sources */,
				397179D729740660004D09F8 /* MainCoordinator.swift in Sources */,
				3971799A2973551C004D09F8 /* LoginCoordinator.swift in Sources */,
				397179BF2973FD0C004D09F8 /* UserType.swift in Sources */,
				39F71DA9294F309400F00C21 /* NetworkRequest.swift in Sources */,
				39A96EFF298CF2B700525E2B /* LoginDependenciesResolver.swift in Sources */,
				39F71D92294F2C0800F00C21 /* SceneDelegate.swift in Sources */,
				397179D529740655004D09F8 /* MainViewModel.swift in Sources */,
			);
			runOnlyForDeploymentPostprocessing = 0;
		};
/* End PBXSourcesBuildPhase section */

/* Begin PBXVariantGroup section */
		39F71D9A294F2C0A00F00C21 /* LaunchScreen.storyboard */ = {
			isa = PBXVariantGroup;
			children = (
				39F71D9B294F2C0A00F00C21 /* Base */,
			);
			name = LaunchScreen.storyboard;
			sourceTree = "<group>";
		};
/* End PBXVariantGroup section */

/* Begin XCBuildConfiguration section */
		39F71D9E294F2C0A00F00C21 /* Debug */ = {
			isa = XCBuildConfiguration;
			buildSettings = {
				ALWAYS_SEARCH_USER_PATHS = NO;
				CLANG_ANALYZER_NONNULL = YES;
				CLANG_ANALYZER_NUMBER_OBJECT_CONVERSION = YES_AGGRESSIVE;
				CLANG_CXX_LANGUAGE_STANDARD = "gnu++20";
				CLANG_ENABLE_MODULES = YES;
				CLANG_ENABLE_OBJC_ARC = YES;
				CLANG_ENABLE_OBJC_WEAK = YES;
				CLANG_WARN_BLOCK_CAPTURE_AUTORELEASING = YES;
				CLANG_WARN_BOOL_CONVERSION = YES;
				CLANG_WARN_COMMA = YES;
				CLANG_WARN_CONSTANT_CONVERSION = YES;
				CLANG_WARN_DEPRECATED_OBJC_IMPLEMENTATIONS = YES;
				CLANG_WARN_DIRECT_OBJC_ISA_USAGE = YES_ERROR;
				CLANG_WARN_DOCUMENTATION_COMMENTS = YES;
				CLANG_WARN_EMPTY_BODY = YES;
				CLANG_WARN_ENUM_CONVERSION = YES;
				CLANG_WARN_INFINITE_RECURSION = YES;
				CLANG_WARN_INT_CONVERSION = YES;
				CLANG_WARN_NON_LITERAL_NULL_CONVERSION = YES;
				CLANG_WARN_OBJC_IMPLICIT_RETAIN_SELF = YES;
				CLANG_WARN_OBJC_LITERAL_CONVERSION = YES;
				CLANG_WARN_OBJC_ROOT_CLASS = YES_ERROR;
				CLANG_WARN_QUOTED_INCLUDE_IN_FRAMEWORK_HEADER = YES;
				CLANG_WARN_RANGE_LOOP_ANALYSIS = YES;
				CLANG_WARN_STRICT_PROTOTYPES = YES;
				CLANG_WARN_SUSPICIOUS_MOVE = YES;
				CLANG_WARN_UNGUARDED_AVAILABILITY = YES_AGGRESSIVE;
				CLANG_WARN_UNREACHABLE_CODE = YES;
				CLANG_WARN__DUPLICATE_METHOD_MATCH = YES;
				COPY_PHASE_STRIP = NO;
				DEBUG_INFORMATION_FORMAT = dwarf;
				ENABLE_STRICT_OBJC_MSGSEND = YES;
				ENABLE_TESTABILITY = YES;
				GCC_C_LANGUAGE_STANDARD = gnu11;
				GCC_DYNAMIC_NO_PIC = NO;
				GCC_NO_COMMON_BLOCKS = YES;
				GCC_OPTIMIZATION_LEVEL = 0;
				GCC_PREPROCESSOR_DEFINITIONS = (
					"DEBUG=1",
					"$(inherited)",
				);
				GCC_WARN_64_TO_32_BIT_CONVERSION = YES;
				GCC_WARN_ABOUT_RETURN_TYPE = YES_ERROR;
				GCC_WARN_UNDECLARED_SELECTOR = YES;
				GCC_WARN_UNINITIALIZED_AUTOS = YES_AGGRESSIVE;
				GCC_WARN_UNUSED_FUNCTION = YES;
				GCC_WARN_UNUSED_VARIABLE = YES;
				IPHONEOS_DEPLOYMENT_TARGET = 16.0;
				MTL_ENABLE_DEBUG_INFO = INCLUDE_SOURCE;
				MTL_FAST_MATH = YES;
				ONLY_ACTIVE_ARCH = YES;
				SDKROOT = iphoneos;
				SWIFT_ACTIVE_COMPILATION_CONDITIONS = DEBUG;
				SWIFT_OPTIMIZATION_LEVEL = "-Onone";
			};
			name = Debug;
		};
		39F71D9F294F2C0A00F00C21 /* Release */ = {
			isa = XCBuildConfiguration;
			buildSettings = {
				ALWAYS_SEARCH_USER_PATHS = NO;
				CLANG_ANALYZER_NONNULL = YES;
				CLANG_ANALYZER_NUMBER_OBJECT_CONVERSION = YES_AGGRESSIVE;
				CLANG_CXX_LANGUAGE_STANDARD = "gnu++20";
				CLANG_ENABLE_MODULES = YES;
				CLANG_ENABLE_OBJC_ARC = YES;
				CLANG_ENABLE_OBJC_WEAK = YES;
				CLANG_WARN_BLOCK_CAPTURE_AUTORELEASING = YES;
				CLANG_WARN_BOOL_CONVERSION = YES;
				CLANG_WARN_COMMA = YES;
				CLANG_WARN_CONSTANT_CONVERSION = YES;
				CLANG_WARN_DEPRECATED_OBJC_IMPLEMENTATIONS = YES;
				CLANG_WARN_DIRECT_OBJC_ISA_USAGE = YES_ERROR;
				CLANG_WARN_DOCUMENTATION_COMMENTS = YES;
				CLANG_WARN_EMPTY_BODY = YES;
				CLANG_WARN_ENUM_CONVERSION = YES;
				CLANG_WARN_INFINITE_RECURSION = YES;
				CLANG_WARN_INT_CONVERSION = YES;
				CLANG_WARN_NON_LITERAL_NULL_CONVERSION = YES;
				CLANG_WARN_OBJC_IMPLICIT_RETAIN_SELF = YES;
				CLANG_WARN_OBJC_LITERAL_CONVERSION = YES;
				CLANG_WARN_OBJC_ROOT_CLASS = YES_ERROR;
				CLANG_WARN_QUOTED_INCLUDE_IN_FRAMEWORK_HEADER = YES;
				CLANG_WARN_RANGE_LOOP_ANALYSIS = YES;
				CLANG_WARN_STRICT_PROTOTYPES = YES;
				CLANG_WARN_SUSPICIOUS_MOVE = YES;
				CLANG_WARN_UNGUARDED_AVAILABILITY = YES_AGGRESSIVE;
				CLANG_WARN_UNREACHABLE_CODE = YES;
				CLANG_WARN__DUPLICATE_METHOD_MATCH = YES;
				COPY_PHASE_STRIP = NO;
				DEBUG_INFORMATION_FORMAT = "dwarf-with-dsym";
				ENABLE_NS_ASSERTIONS = NO;
				ENABLE_STRICT_OBJC_MSGSEND = YES;
				GCC_C_LANGUAGE_STANDARD = gnu11;
				GCC_NO_COMMON_BLOCKS = YES;
				GCC_WARN_64_TO_32_BIT_CONVERSION = YES;
				GCC_WARN_ABOUT_RETURN_TYPE = YES_ERROR;
				GCC_WARN_UNDECLARED_SELECTOR = YES;
				GCC_WARN_UNINITIALIZED_AUTOS = YES_AGGRESSIVE;
				GCC_WARN_UNUSED_FUNCTION = YES;
				GCC_WARN_UNUSED_VARIABLE = YES;
				IPHONEOS_DEPLOYMENT_TARGET = 16.0;
				MTL_ENABLE_DEBUG_INFO = NO;
				MTL_FAST_MATH = YES;
				SDKROOT = iphoneos;
				SWIFT_COMPILATION_MODE = wholemodule;
				SWIFT_OPTIMIZATION_LEVEL = "-O";
				VALIDATE_PRODUCT = YES;
			};
			name = Release;
		};
		39F71DA1294F2C0A00F00C21 /* Debug */ = {
			isa = XCBuildConfiguration;
			buildSettings = {
				ASSETCATALOG_COMPILER_APPICON_NAME = AppIcon;
				ASSETCATALOG_COMPILER_GLOBAL_ACCENT_COLOR_NAME = AccentColor;
				CODE_SIGN_STYLE = Automatic;
				CURRENT_PROJECT_VERSION = 1;
				DEVELOPMENT_TEAM = 3A83R6647Z;
				GENERATE_INFOPLIST_FILE = YES;
				INFOPLIST_FILE = SurpriseBag/Info.plist;
				INFOPLIST_KEY_UIApplicationSupportsIndirectInputEvents = YES;
				INFOPLIST_KEY_UILaunchStoryboardName = LaunchScreen;
				INFOPLIST_KEY_UISupportedInterfaceOrientations_iPad = "UIInterfaceOrientationPortrait UIInterfaceOrientationPortraitUpsideDown UIInterfaceOrientationLandscapeLeft UIInterfaceOrientationLandscapeRight";
				INFOPLIST_KEY_UISupportedInterfaceOrientations_iPhone = "UIInterfaceOrientationPortrait UIInterfaceOrientationLandscapeLeft UIInterfaceOrientationLandscapeRight";
				LD_RUNPATH_SEARCH_PATHS = (
					"$(inherited)",
					"@executable_path/Frameworks",
				);
				MARKETING_VERSION = 1.0;
				PRODUCT_BUNDLE_IDENTIFIER = com.joyce.tests.SurpriseBag;
				PRODUCT_NAME = "$(TARGET_NAME)";
				SWIFT_EMIT_LOC_STRINGS = YES;
				SWIFT_VERSION = 5.0;
				TARGETED_DEVICE_FAMILY = "1,2";
			};
			name = Debug;
		};
		39F71DA2294F2C0A00F00C21 /* Release */ = {
			isa = XCBuildConfiguration;
			buildSettings = {
				ASSETCATALOG_COMPILER_APPICON_NAME = AppIcon;
				ASSETCATALOG_COMPILER_GLOBAL_ACCENT_COLOR_NAME = AccentColor;
				CODE_SIGN_STYLE = Automatic;
				CURRENT_PROJECT_VERSION = 1;
				DEVELOPMENT_TEAM = 3A83R6647Z;
				GENERATE_INFOPLIST_FILE = YES;
				INFOPLIST_FILE = SurpriseBag/Info.plist;
				INFOPLIST_KEY_UIApplicationSupportsIndirectInputEvents = YES;
				INFOPLIST_KEY_UILaunchStoryboardName = LaunchScreen;
				INFOPLIST_KEY_UISupportedInterfaceOrientations_iPad = "UIInterfaceOrientationPortrait UIInterfaceOrientationPortraitUpsideDown UIInterfaceOrientationLandscapeLeft UIInterfaceOrientationLandscapeRight";
				INFOPLIST_KEY_UISupportedInterfaceOrientations_iPhone = "UIInterfaceOrientationPortrait UIInterfaceOrientationLandscapeLeft UIInterfaceOrientationLandscapeRight";
				LD_RUNPATH_SEARCH_PATHS = (
					"$(inherited)",
					"@executable_path/Frameworks",
				);
				MARKETING_VERSION = 1.0;
				PRODUCT_BUNDLE_IDENTIFIER = com.joyce.tests.SurpriseBag;
				PRODUCT_NAME = "$(TARGET_NAME)";
				SWIFT_EMIT_LOC_STRINGS = YES;
				SWIFT_VERSION = 5.0;
				TARGETED_DEVICE_FAMILY = "1,2";
			};
			name = Release;
		};
/* End XCBuildConfiguration section */

/* Begin XCConfigurationList section */
		39F71D87294F2C0800F00C21 /* Build configuration list for PBXProject "SurpriseBag" */ = {
			isa = XCConfigurationList;
			buildConfigurations = (
				39F71D9E294F2C0A00F00C21 /* Debug */,
				39F71D9F294F2C0A00F00C21 /* Release */,
			);
			defaultConfigurationIsVisible = 0;
			defaultConfigurationName = Release;
		};
		39F71DA0294F2C0A00F00C21 /* Build configuration list for PBXNativeTarget "SurpriseBag" */ = {
			isa = XCConfigurationList;
			buildConfigurations = (
				39F71DA1294F2C0A00F00C21 /* Debug */,
				39F71DA2294F2C0A00F00C21 /* Release */,
			);
			defaultConfigurationIsVisible = 0;
			defaultConfigurationName = Release;
		};
/* End XCConfigurationList section */
	};
	rootObject = 39F71D84294F2C0800F00C21 /* Project object */;
}
